// !$*UTF8*$!
{
	archiveVersion = 1;
	classes = {
	};
	objectVersion = 46;
	objects = {

/* Begin PBXBuildFile section */
		AC4122D91FA8D487006D0D4A /* main.cpp in Sources */ = {isa = PBXBuildFile; fileRef = AC4122D81FA8D487006D0D4A /* main.cpp */; };
		AC4122E11FA8D4A7006D0D4A /* tribonacci.cpp in Sources */ = {isa = PBXBuildFile; fileRef = AC4122DF1FA8D4A7006D0D4A /* tribonacci.cpp */; };
		AC4E4ED81FA8DFEB0017E637 /* big.cpp in Sources */ = {isa = PBXBuildFile; fileRef = AC4E4ED61FA8DFEB0017E637 /* big.cpp */; };
/* End PBXBuildFile section */

/* Begin PBXCopyFilesBuildPhase section */
		AC4122D31FA8D486006D0D4A /* CopyFiles */ = {
			isa = PBXCopyFilesBuildPhase;
			buildActionMask = 2147483647;
			dstPath = /usr/share/man/man1/;
			dstSubfolderSpec = 0;
			files = (
			);
			runOnlyForDeploymentPostprocessing = 1;
		};
/* End PBXCopyFilesBuildPhase section */

/* Begin PBXFileReference section */
		AC4122D51FA8D487006D0D4A /* tribonacci */ = {isa = PBXFileReference; explicitFileType = "compiled.mach-o.executable"; includeInIndex = 0; path = tribonacci; sourceTree = BUILT_PRODUCTS_DIR; };
		AC4122D81FA8D487006D0D4A /* main.cpp */ = {isa = PBXFileReference; lastKnownFileType = sourcecode.cpp.cpp; path = main.cpp; sourceTree = "<group>"; };
		AC4122DF1FA8D4A7006D0D4A /* tribonacci.cpp */ = {isa = PBXFileReference; fileEncoding = 4; lastKnownFileType = sourcecode.cpp.cpp; path = tribonacci.cpp; sourceTree = "<group>"; };
		AC4122E01FA8D4A7006D0D4A /* tribonacci.hpp */ = {isa = PBXFileReference; fileEncoding = 4; lastKnownFileType = sourcecode.cpp.h; path = tribonacci.hpp; sourceTree = "<group>"; };
		AC4E4ED61FA8DFEB0017E637 /* big.cpp */ = {isa = PBXFileReference; fileEncoding = 4; lastKnownFileType = sourcecode.cpp.cpp; path = big.cpp; sourceTree = "<group>"; };
		AC4E4ED71FA8DFEB0017E637 /* big.hpp */ = {isa = PBXFileReference; fileEncoding = 4; lastKnownFileType = sourcecode.cpp.h; path = big.hpp; sourceTree = "<group>"; };
/* End PBXFileReference section */

/* Begin PBXFrameworksBuildPhase section */
		AC4122D21FA8D486006D0D4A /* Frameworks */ = {
			isa = PBXFrameworksBuildPhase;
			buildActionMask = 2147483647;
			files = (
			);
			runOnlyForDeploymentPostprocessing = 0;
		};
/* End PBXFrameworksBuildPhase section */

/* Begin PBXGroup section */
		AC4122CC1FA8D486006D0D4A = {
			isa = PBXGroup;
			children = (
				AC4122D71FA8D487006D0D4A /* tribonacci */,
				AC4122D61FA8D487006D0D4A /* Products */,
			);
			sourceTree = "<group>";
		};
		AC4122D61FA8D487006D0D4A /* Products */ = {
			isa = PBXGroup;
			children = (
				AC4122D51FA8D487006D0D4A /* tribonacci */,
			);
			name = Products;
			sourceTree = "<group>";
		};
		AC4122D71FA8D487006D0D4A /* tribonacci */ = {
			isa = PBXGroup;
			children = (
				AC4122D81FA8D487006D0D4A /* main.cpp */,
				AC4122DF1FA8D4A7006D0D4A /* tribonacci.cpp */,
				AC4122E01FA8D4A7006D0D4A /* tribonacci.hpp */,
				AC4E4ED61FA8DFEB0017E637 /* big.cpp */,
				AC4E4ED71FA8DFEB0017E637 /* big.hpp */,
			);
			path = tribonacci;
			sourceTree = "<group>";
		};
/* End PBXGroup section */

/* Begin PBXNativeTarget section */
		AC4122D41FA8D486006D0D4A /* tribonacci */ = {
			isa = PBXNativeTarget;
			buildConfigurationList = AC4122DC1FA8D487006D0D4A /* Build configuration list for PBXNativeTarget "tribonacci" */;
			buildPhases = (
				AC4122D11FA8D486006D0D4A /* Sources */,
				AC4122D21FA8D486006D0D4A /* Frameworks */,
				AC4122D31FA8D486006D0D4A /* CopyFiles */,
			);
			buildRules = (
			);
			dependencies = (
			);
			name = tribonacci;
			productName = tribonacci;
			productReference = AC4122D51FA8D487006D0D4A /* tribonacci */;
			productType = "com.apple.product-type.tool";
		};
/* End PBXNativeTarget section */

/* Begin PBXProject section */
		AC4122CD1FA8D486006D0D4A /* Project object */ = {
			isa = PBXProject;
			attributes = {
				LastUpgradeCheck = 0820;
				ORGANIZATIONNAME = "Alexandre Maraval";
				TargetAttributes = {
					AC4122D41FA8D486006D0D4A = {
						CreatedOnToolsVersion = 8.2.1;
						ProvisioningStyle = Automatic;
					};
				};
			};
			buildConfigurationList = AC4122D01FA8D486006D0D4A /* Build configuration list for PBXProject "tribonacci" */;
			compatibilityVersion = "Xcode 3.2";
			developmentRegion = English;
			hasScannedForEncodings = 0;
			knownRegions = (
				en,
			);
			mainGroup = AC4122CC1FA8D486006D0D4A;
			productRefGroup = AC4122D61FA8D487006D0D4A /* Products */;
			projectDirPath = "";
			projectRoot = "";
			targets = (
				AC4122D41FA8D486006D0D4A /* tribonacci */,
			);
		};
/* End PBXProject section */

/* Begin PBXSourcesBuildPhase section */
		AC4122D11FA8D486006D0D4A /* Sources */ = {
			isa = PBXSourcesBuildPhase;
			buildActionMask = 2147483647;
			files = (
				AC4E4ED81FA8DFEB0017E637 /* big.cpp in Sources */,
				AC4122D91FA8D487006D0D4A /* main.cpp in Sources */,
				AC4122E11FA8D4A7006D0D4A /* tribonacci.cpp in Sources */,
			);
			runOnlyForDeploymentPostprocessing = 0;
		};
/* End PBXSourcesBuildPhase section */

/* Begin XCBuildConfiguration section */
		AC4122DA1FA8D487006D0D4A /* Debug */ = {
			isa = XCBuildConfiguration;
			buildSettings = {
				ALWAYS_SEARCH_USER_PATHS = NO;
				CLANG_ANALYZER_NONNULL = YES;
				CLANG_CXX_LANGUAGE_STANDARD = "gnu++0x";
				CLANG_CXX_LIBRARY = "libc++";
				CLANG_ENABLE_MODULES = YES;
				CLANG_ENABLE_OBJC_ARC = YES;
				CLANG_WARN_BOOL_CONVERSION = YES;
				CLANG_WARN_CONSTANT_CONVERSION = YES;
				CLANG_WARN_DIRECT_OBJC_ISA_USAGE = YES_ERROR;
				CLANG_WARN_DOCUMENTATION_COMMENTS = YES;
				CLANG_WARN_EMPTY_BODY = YES;
				CLANG_WARN_ENUM_CONVERSION = YES;
				CLANG_WARN_INFINITE_RECURSION = YES;
				CLANG_WARN_INT_CONVERSION = YES;
				CLANG_WARN_OBJC_ROOT_CLASS = YES_ERROR;
				CLANG_WARN_SUSPICIOUS_MOVE = YES;
				CLANG_WARN_UNREACHABLE_CODE = YES;
				CLANG_WARN__DUPLICATE_METHOD_MATCH = YES;
				CODE_SIGN_IDENTITY = "-";
				COPY_PHASE_STRIP = NO;
				DEBUG_INFORMATION_FORMAT = dwarf;
				ENABLE_STRICT_OBJC_MSGSEND = YES;
				ENABLE_TESTABILITY = YES;
				GCC_C_LANGUAGE_STANDARD = gnu99;
				GCC_DYNAMIC_NO_PIC = NO;
				GCC_NO_COMMON_BLOCKS = YES;
				GCC_OPTIMIZATION_LEVEL = 0;
				GCC_PREPROCESSOR_DEFINITIONS = (
					"DEBUG=1",
					"$(inherited)",
				);
				GCC_WARN_64_TO_32_BIT_CONVERSION = YES;
				GCC_WARN_ABOUT_RETURN_TYPE = YES_ERROR;
				GCC_WARN_UNDECLARED_SELECTOR = YES;
				GCC_WARN_UNINITIALIZED_AUTOS = YES_AGGRESSIVE;
				GCC_WARN_UNUSED_FUNCTION = YES;
				GCC_WARN_UNUSED_VARIABLE = YES;
				MACOSX_DEPLOYMENT_TARGET = 10.12;
				MTL_ENABLE_DEBUG_INFO = YES;
				ONLY_ACTIVE_ARCH = YES;
				SDKROOT = macosx;
			};
			name = Debug;
		};
		AC4122DB1FA8D487006D0D4A /* Release */ = {
			isa = XCBuildConfiguration;
			buildSettings = {
				ALWAYS_SEARCH_USER_PATHS = NO;
				CLANG_ANALYZER_NONNULL = YES;
				CLANG_CXX_LANGUAGE_STANDARD = "gnu++0x";
				CLANG_CXX_LIBRARY = "libc++";
				CLANG_ENABLE_MODULES = YES;
				CLANG_ENABLE_OBJC_ARC = YES;
				CLANG_WARN_BOOL_CONVERSION = YES;
				CLANG_WARN_CONSTANT_CONVERSION = YES;
				CLANG_WARN_DIRECT_OBJC_ISA_USAGE = YES_ERROR;
				CLANG_WARN_DOCUMENTATION_COMMENTS = YES;
				CLANG_WARN_EMPTY_BODY = YES;
				CLANG_WARN_ENUM_CONVERSION = YES;
				CLANG_WARN_INFINITE_RECURSION = YES;
				CLANG_WARN_INT_CONVERSION = YES;
				CLANG_WARN_OBJC_ROOT_CLASS = YES_ERROR;
				CLANG_WARN_SUSPICIOUS_MOVE = YES;
				CLANG_WARN_UNREACHABLE_CODE = YES;
				CLANG_WARN__DUPLICATE_METHOD_MATCH = YES;
				CODE_SIGN_IDENTITY = "-";
				COPY_PHASE_STRIP = NO;
				DEBUG_INFORMATION_FORMAT = "dwarf-with-dsym";
				ENABLE_NS_ASSERTIONS = NO;
				ENABLE_STRICT_OBJC_MSGSEND = YES;
				GCC_C_LANGUAGE_STANDARD = gnu99;
				GCC_NO_COMMON_BLOCKS = YES;
				GCC_WARN_64_TO_32_BIT_CONVERSION = YES;
				GCC_WARN_ABOUT_RETURN_TYPE = YES_ERROR;
				GCC_WARN_UNDECLARED_SELECTOR = YES;
				GCC_WARN_UNINITIALIZED_AUTOS = YES_AGGRESSIVE;
				GCC_WARN_UNUSED_FUNCTION = YES;
				GCC_WARN_UNUSED_VARIABLE = YES;
				MACOSX_DEPLOYMENT_TARGET = 10.12;
				MTL_ENABLE_DEBUG_INFO = NO;
				SDKROOT = macosx;
			};
			name = Release;
		};
		AC4122DD1FA8D487006D0D4A /* Debug */ = {
			isa = XCBuildConfiguration;
			buildSettings = {
				PRODUCT_NAME = "$(TARGET_NAME)";
			};
			name = Debug;
		};
		AC4122DE1FA8D487006D0D4A /* Release */ = {
			isa = XCBuildConfiguration;
			buildSettings = {
				PRODUCT_NAME = "$(TARGET_NAME)";
			};
			name = Release;
		};
/* End XCBuildConfiguration section */

/* Begin XCConfigurationList section */
		AC4122D01FA8D486006D0D4A /* Build configuration list for PBXProject "tribonacci" */ = {
			isa = XCConfigurationList;
			buildConfigurations = (
				AC4122DA1FA8D487006D0D4A /* Debug */,
				AC4122DB1FA8D487006D0D4A /* Release */,
			);
			defaultConfigurationIsVisible = 0;
			defaultConfigurationName = Release;
		};
		AC4122DC1FA8D487006D0D4A /* Build configuration list for PBXNativeTarget "tribonacci" */ = {
			isa = XCConfigurationList;
			buildConfigurations = (
				AC4122DD1FA8D487006D0D4A /* Debug */,
				AC4122DE1FA8D487006D0D4A /* Release */,
			);
			defaultConfigurationIsVisible = 0;
			defaultConfigurationName = Release;
		};
/* End XCConfigurationList section */
	};
	rootObject = AC4122CD1FA8D486006D0D4A /* Project object */;
}
