// !$*UTF8*$!
{
	archiveVersion = 1;
	classes = {
	};
	objectVersion = 46;
	objects = {

/* Begin PBXBuildFile section */
		AC83E9481F6AEE5E00CBEC87 /* main.cpp in Sources */ = {isa = PBXBuildFile; fileRef = AC83E9471F6AEE5E00CBEC87 /* main.cpp */; };
		AC83E9501F6AEEDF00CBEC87 /* eratosthene.cpp in Sources */ = {isa = PBXBuildFile; fileRef = AC83E94E1F6AEEDF00CBEC87 /* eratosthene.cpp */; };
/* End PBXBuildFile section */

/* Begin PBXCopyFilesBuildPhase section */
		AC83E9421F6AEE5E00CBEC87 /* CopyFiles */ = {
			isa = PBXCopyFilesBuildPhase;
			buildActionMask = 2147483647;
			dstPath = /usr/share/man/man1/;
			dstSubfolderSpec = 0;
			files = (
			);
			runOnlyForDeploymentPostprocessing = 1;
		};
/* End PBXCopyFilesBuildPhase section */

/* Begin PBXFileReference section */
		AC83E9441F6AEE5E00CBEC87 /* prime numbers */ = {isa = PBXFileReference; explicitFileType = "compiled.mach-o.executable"; includeInIndex = 0; path = "prime numbers"; sourceTree = BUILT_PRODUCTS_DIR; };
		AC83E9471F6AEE5E00CBEC87 /* main.cpp */ = {isa = PBXFileReference; lastKnownFileType = sourcecode.cpp.cpp; path = main.cpp; sourceTree = "<group>"; };
		AC83E94E1F6AEEDF00CBEC87 /* eratosthene.cpp */ = {isa = PBXFileReference; fileEncoding = 4; lastKnownFileType = sourcecode.cpp.cpp; path = eratosthene.cpp; sourceTree = "<group>"; };
		AC83E94F1F6AEEDF00CBEC87 /* eratosthene.hpp */ = {isa = PBXFileReference; fileEncoding = 4; lastKnownFileType = sourcecode.cpp.h; path = eratosthene.hpp; sourceTree = "<group>"; };
/* End PBXFileReference section */

/* Begin PBXFrameworksBuildPhase section */
		AC83E9411F6AEE5E00CBEC87 /* Frameworks */ = {
			isa = PBXFrameworksBuildPhase;
			buildActionMask = 2147483647;
			files = (
			);
			runOnlyForDeploymentPostprocessing = 0;
		};
/* End PBXFrameworksBuildPhase section */

/* Begin PBXGroup section */
		AC83E93B1F6AEE5E00CBEC87 = {
			isa = PBXGroup;
			children = (
				AC83E9461F6AEE5E00CBEC87 /* prime numbers */,
				AC83E9451F6AEE5E00CBEC87 /* Products */,
			);
			sourceTree = "<group>";
		};
		AC83E9451F6AEE5E00CBEC87 /* Products */ = {
			isa = PBXGroup;
			children = (
				AC83E9441F6AEE5E00CBEC87 /* prime numbers */,
			);
			name = Products;
			sourceTree = "<group>";
		};
		AC83E9461F6AEE5E00CBEC87 /* prime numbers */ = {
			isa = PBXGroup;
			children = (
				AC83E9471F6AEE5E00CBEC87 /* main.cpp */,
				AC83E94E1F6AEEDF00CBEC87 /* eratosthene.cpp */,
				AC83E94F1F6AEEDF00CBEC87 /* eratosthene.hpp */,
			);
			path = "prime numbers";
			sourceTree = "<group>";
		};
/* End PBXGroup section */

/* Begin PBXNativeTarget section */
		AC83E9431F6AEE5E00CBEC87 /* prime numbers */ = {
			isa = PBXNativeTarget;
			buildConfigurationList = AC83E94B1F6AEE5E00CBEC87 /* Build configuration list for PBXNativeTarget "prime numbers" */;
			buildPhases = (
				AC83E9401F6AEE5E00CBEC87 /* Sources */,
				AC83E9411F6AEE5E00CBEC87 /* Frameworks */,
				AC83E9421F6AEE5E00CBEC87 /* CopyFiles */,
			);
			buildRules = (
			);
			dependencies = (
			);
			name = "prime numbers";
			productName = "prime numbers";
			productReference = AC83E9441F6AEE5E00CBEC87 /* prime numbers */;
			productType = "com.apple.product-type.tool";
		};
/* End PBXNativeTarget section */

/* Begin PBXProject section */
		AC83E93C1F6AEE5E00CBEC87 /* Project object */ = {
			isa = PBXProject;
			attributes = {
				LastUpgradeCheck = 0820;
				ORGANIZATIONNAME = "Alexandre Maraval";
				TargetAttributes = {
					AC83E9431F6AEE5E00CBEC87 = {
						CreatedOnToolsVersion = 8.2.1;
						ProvisioningStyle = Automatic;
					};
				};
			};
			buildConfigurationList = AC83E93F1F6AEE5E00CBEC87 /* Build configuration list for PBXProject "prime numbers" */;
			compatibilityVersion = "Xcode 3.2";
			developmentRegion = English;
			hasScannedForEncodings = 0;
			knownRegions = (
				en,
			);
			mainGroup = AC83E93B1F6AEE5E00CBEC87;
			productRefGroup = AC83E9451F6AEE5E00CBEC87 /* Products */;
			projectDirPath = "";
			projectRoot = "";
			targets = (
				AC83E9431F6AEE5E00CBEC87 /* prime numbers */,
			);
		};
/* End PBXProject section */

/* Begin PBXSourcesBuildPhase section */
		AC83E9401F6AEE5E00CBEC87 /* Sources */ = {
			isa = PBXSourcesBuildPhase;
			buildActionMask = 2147483647;
			files = (
				AC83E9501F6AEEDF00CBEC87 /* eratosthene.cpp in Sources */,
				AC83E9481F6AEE5E00CBEC87 /* main.cpp in Sources */,
			);
			runOnlyForDeploymentPostprocessing = 0;
		};
/* End PBXSourcesBuildPhase section */

/* Begin XCBuildConfiguration section */
		AC83E9491F6AEE5E00CBEC87 /* Debug */ = {
			isa = XCBuildConfiguration;
			buildSettings = {
				ALWAYS_SEARCH_USER_PATHS = NO;
				CLANG_ANALYZER_NONNULL = YES;
				CLANG_CXX_LANGUAGE_STANDARD = "gnu++0x";
				CLANG_CXX_LIBRARY = "libc++";
				CLANG_ENABLE_MODULES = YES;
				CLANG_ENABLE_OBJC_ARC = YES;
				CLANG_WARN_BOOL_CONVERSION = YES;
				CLANG_WARN_CONSTANT_CONVERSION = YES;
				CLANG_WARN_DIRECT_OBJC_ISA_USAGE = YES_ERROR;
				CLANG_WARN_DOCUMENTATION_COMMENTS = YES;
				CLANG_WARN_EMPTY_BODY = YES;
				CLANG_WARN_ENUM_CONVERSION = YES;
				CLANG_WARN_INFINITE_RECURSION = YES;
				CLANG_WARN_INT_CONVERSION = YES;
				CLANG_WARN_OBJC_ROOT_CLASS = YES_ERROR;
				CLANG_WARN_SUSPICIOUS_MOVE = YES;
				CLANG_WARN_UNREACHABLE_CODE = YES;
				CLANG_WARN__DUPLICATE_METHOD_MATCH = YES;
				CODE_SIGN_IDENTITY = "-";
				COPY_PHASE_STRIP = NO;
				DEBUG_INFORMATION_FORMAT = dwarf;
				ENABLE_STRICT_OBJC_MSGSEND = YES;
				ENABLE_TESTABILITY = YES;
				GCC_C_LANGUAGE_STANDARD = gnu99;
				GCC_DYNAMIC_NO_PIC = NO;
				GCC_NO_COMMON_BLOCKS = YES;
				GCC_OPTIMIZATION_LEVEL = 0;
				GCC_PREPROCESSOR_DEFINITIONS = (
					"DEBUG=1",
					"$(inherited)",
				);
				GCC_WARN_64_TO_32_BIT_CONVERSION = YES;
				GCC_WARN_ABOUT_RETURN_TYPE = YES_ERROR;
				GCC_WARN_UNDECLARED_SELECTOR = YES;
				GCC_WARN_UNINITIALIZED_AUTOS = YES_AGGRESSIVE;
				GCC_WARN_UNUSED_FUNCTION = YES;
				GCC_WARN_UNUSED_VARIABLE = YES;
				MACOSX_DEPLOYMENT_TARGET = 10.12;
				MTL_ENABLE_DEBUG_INFO = YES;
				ONLY_ACTIVE_ARCH = YES;
				SDKROOT = macosx;
			};
			name = Debug;
		};
		AC83E94A1F6AEE5E00CBEC87 /* Release */ = {
			isa = XCBuildConfiguration;
			buildSettings = {
				ALWAYS_SEARCH_USER_PATHS = NO;
				CLANG_ANALYZER_NONNULL = YES;
				CLANG_CXX_LANGUAGE_STANDARD = "gnu++0x";
				CLANG_CXX_LIBRARY = "libc++";
				CLANG_ENABLE_MODULES = YES;
				CLANG_ENABLE_OBJC_ARC = YES;
				CLANG_WARN_BOOL_CONVERSION = YES;
				CLANG_WARN_CONSTANT_CONVERSION = YES;
				CLANG_WARN_DIRECT_OBJC_ISA_USAGE = YES_ERROR;
				CLANG_WARN_DOCUMENTATION_COMMENTS = YES;
				CLANG_WARN_EMPTY_BODY = YES;
				CLANG_WARN_ENUM_CONVERSION = YES;
				CLANG_WARN_INFINITE_RECURSION = YES;
				CLANG_WARN_INT_CONVERSION = YES;
				CLANG_WARN_OBJC_ROOT_CLASS = YES_ERROR;
				CLANG_WARN_SUSPICIOUS_MOVE = YES;
				CLANG_WARN_UNREACHABLE_CODE = YES;
				CLANG_WARN__DUPLICATE_METHOD_MATCH = YES;
				CODE_SIGN_IDENTITY = "-";
				COPY_PHASE_STRIP = NO;
				DEBUG_INFORMATION_FORMAT = "dwarf-with-dsym";
				ENABLE_NS_ASSERTIONS = NO;
				ENABLE_STRICT_OBJC_MSGSEND = YES;
				GCC_C_LANGUAGE_STANDARD = gnu99;
				GCC_NO_COMMON_BLOCKS = YES;
				GCC_WARN_64_TO_32_BIT_CONVERSION = YES;
				GCC_WARN_ABOUT_RETURN_TYPE = YES_ERROR;
				GCC_WARN_UNDECLARED_SELECTOR = YES;
				GCC_WARN_UNINITIALIZED_AUTOS = YES_AGGRESSIVE;
				GCC_WARN_UNUSED_FUNCTION = YES;
				GCC_WARN_UNUSED_VARIABLE = YES;
				MACOSX_DEPLOYMENT_TARGET = 10.12;
				MTL_ENABLE_DEBUG_INFO = NO;
				SDKROOT = macosx;
			};
			name = Release;
		};
		AC83E94C1F6AEE5E00CBEC87 /* Debug */ = {
			isa = XCBuildConfiguration;
			buildSettings = {
				PRODUCT_NAME = "$(TARGET_NAME)";
			};
			name = Debug;
		};
		AC83E94D1F6AEE5E00CBEC87 /* Release */ = {
			isa = XCBuildConfiguration;
			buildSettings = {
				PRODUCT_NAME = "$(TARGET_NAME)";
			};
			name = Release;
		};
/* End XCBuildConfiguration section */

/* Begin XCConfigurationList section */
		AC83E93F1F6AEE5E00CBEC87 /* Build configuration list for PBXProject "prime numbers" */ = {
			isa = XCConfigurationList;
			buildConfigurations = (
				AC83E9491F6AEE5E00CBEC87 /* Debug */,
				AC83E94A1F6AEE5E00CBEC87 /* Release */,
			);
			defaultConfigurationIsVisible = 0;
			defaultConfigurationName = Release;
		};
		AC83E94B1F6AEE5E00CBEC87 /* Build configuration list for PBXNativeTarget "prime numbers" */ = {
			isa = XCConfigurationList;
			buildConfigurations = (
				AC83E94C1F6AEE5E00CBEC87 /* Debug */,
				AC83E94D1F6AEE5E00CBEC87 /* Release */,
			);
			defaultConfigurationIsVisible = 0;
		};
/* End XCConfigurationList section */
	};
	rootObject = AC83E93C1F6AEE5E00CBEC87 /* Project object */;
}
